
Microsoft Visual Studio Solution File, Format Version 12.00
# Visual Studio Version 17
VisualStudioVersion = 17.14.36202.13
MinimumVisualStudioVersion = 10.0.40219.1
Project("{FAE04EC0-301F-11D3-BF4B-00C04F79EFBC}") = "AppHost", "src\AppHost\AppHost.csproj", "{D3573679-5358-4A66-A138-2D55C541F08B}"
EndProject
Project("{FAE04EC0-301F-11D3-BF4B-00C04F79EFBC}") = "ServiceDefaults", "src\ServiceDefaults\ServiceDefaults.csproj", "{1D6093E7-4F70-4BB3-867F-2B5345FF8416}"
EndProject
Project("{FAE04EC0-301F-11D3-BF4B-00C04F79EFBC}") = "PersonalFinanceManager.API", "src\PersonalFinanceManager.API\PersonalFinanceManager.API.csproj", "{84BC87CC-C0B0-A884-0494-7BA492B4B4FC}"
EndProject
Project("{FAE04EC0-301F-11D3-BF4B-00C04F79EFBC}") = "PersonalFinanceManager.Application", "src\PersonalFinanceManager.Application\PersonalFinanceManager.Application.csproj", "{13DE4BB3-DD14-425E-AC46-8B8B4C9F8E65}"
EndProject
Project("{FAE04EC0-301F-11D3-BF4B-00C04F79EFBC}") = "PersonalFinanceManager.MigrationService", "src\PersonalFinanceManager.MigrationService\PersonalFinanceManager.MigrationService.csproj", "{B09EFA06-1A6F-ADCC-1731-7E1CDAF34871}"
EndProject
Project("{FAE04EC0-301F-11D3-BF4B-00C04F79EFBC}") = "PersonalFinanceManager.Test", "tests\PersonalFinanceManager.Test\PersonalFinanceManager.Test.csproj", "{1520DD2A-CB0F-4337-BADC-BEB75D5BB883}"
EndProject
Project("{FAE04EC0-301F-11D3-BF4B-00C04F79EFBC}") = "PersonalFinanceManager.PlaywrightTests", "tests\PersonalFinanceManager.PlaywrightTests\PersonalFinanceManager.PlaywrightTests.csproj", "{984B6DF1-A50B-4B3E-8CE8-ADF982AEFAA8}"
EndProject
Global
	GlobalSection(SolutionConfigurationPlatforms) = preSolution
		Debug|Any CPU = Debug|Any CPU
		Release|Any CPU = Release|Any CPU
	EndGlobalSection
	GlobalSection(ProjectConfigurationPlatforms) = postSolution
		{D3573679-5358-4A66-A138-2D55C541F08B}.Debug|Any CPU.ActiveCfg = Debug|Any CPU
		{D3573679-5358-4A66-A138-2D55C541F08B}.Debug|Any CPU.Build.0 = Debug|Any CPU
		{D3573679-5358-4A66-A138-2D55C541F08B}.Release|Any CPU.ActiveCfg = Release|Any CPU
		{D3573679-5358-4A66-A138-2D55C541F08B}.Release|Any CPU.Build.0 = Release|Any CPU
		{1D6093E7-4F70-4BB3-867F-2B5345FF8416}.Debug|Any CPU.ActiveCfg = Debug|Any CPU
		{1D6093E7-4F70-4BB3-867F-2B5345FF8416}.Debug|Any CPU.Build.0 = Debug|Any CPU
		{1D6093E7-4F70-4BB3-867F-2B5345FF8416}.Release|Any CPU.ActiveCfg = Release|Any CPU
		{1D6093E7-4F70-4BB3-867F-2B5345FF8416}.Release|Any CPU.Build.0 = Release|Any CPU
		{84BC87CC-C0B0-A884-0494-7BA492B4B4FC}.Debug|Any CPU.ActiveCfg = Debug|Any CPU
		{84BC87CC-C0B0-A884-0494-7BA492B4B4FC}.Debug|Any CPU.Build.0 = Debug|Any CPU
		{84BC87CC-C0B0-A884-0494-7BA492B4B4FC}.Release|Any CPU.ActiveCfg = Release|Any CPU
		{84BC87CC-C0B0-A884-0494-7BA492B4B4FC}.Release|Any CPU.Build.0 = Release|Any CPU
		{13DE4BB3-DD14-425E-AC46-8B8B4C9F8E65}.Debug|Any CPU.ActiveCfg = Debug|Any CPU
		{13DE4BB3-DD14-425E-AC46-8B8B4C9F8E65}.Debug|Any CPU.Build.0 = Debug|Any CPU
		{13DE4BB3-DD14-425E-AC46-8B8B4C9F8E65}.Release|Any CPU.ActiveCfg = Release|Any CPU
		{13DE4BB3-DD14-425E-AC46-8B8B4C9F8E65}.Release|Any CPU.Build.0 = Release|Any CPU
		{B09EFA06-1A6F-ADCC-1731-7E1CDAF34871}.Debug|Any CPU.ActiveCfg = Debug|Any CPU
		{B09EFA06-1A6F-ADCC-1731-7E1CDAF34871}.Debug|Any CPU.Build.0 = Debug|Any CPU
		{B09EFA06-1A6F-ADCC-1731-7E1CDAF34871}.Release|Any CPU.ActiveCfg = Release|Any CPU
		{B09EFA06-1A6F-ADCC-1731-7E1CDAF34871}.Release|Any CPU.Build.0 = Release|Any CPU
		{1520DD2A-CB0F-4337-BADC-BEB75D5BB883}.Debug|Any CPU.ActiveCfg = Debug|Any CPU
		{1520DD2A-CB0F-4337-BADC-BEB75D5BB883}.Debug|Any CPU.Build.0 = Debug|Any CPU
		{1520DD2A-CB0F-4337-BADC-BEB75D5BB883}.Release|Any CPU.ActiveCfg = Release|Any CPU
		{1520DD2A-CB0F-4337-BADC-BEB75D5BB883}.Release|Any CPU.Build.0 = Release|Any CPU
		{984B6DF1-A50B-4B3E-8CE8-ADF982AEFAA8}.Debug|Any CPU.ActiveCfg = Debug|Any CPU
		{984B6DF1-A50B-4B3E-8CE8-ADF982AEFAA8}.Debug|Any CPU.Build.0 = Debug|Any CPU
		{984B6DF1-A50B-4B3E-8CE8-ADF982AEFAA8}.Release|Any CPU.ActiveCfg = Release|Any CPU
		{984B6DF1-A50B-4B3E-8CE8-ADF982AEFAA8}.Release|Any CPU.Build.0 = Release|Any CPU
	EndGlobalSection
	GlobalSection(SolutionProperties) = preSolution
		HideSolutionNode = FALSE
	EndGlobalSection
	GlobalSection(ExtensibilityGlobals) = postSolution
		SolutionGuid = {3BC74100-8705-4AA2-A204-38D3B72B5B28}
	EndGlobalSection
EndGlobal
